
Microsoft Visual Studio Solution File, Format Version 12.00
# Visual Studio Version 16
VisualStudioVersion = 16.0.32002.261
MinimumVisualStudioVersion = 10.0.40219.1
Project("{FAE04EC0-301F-11D3-BF4B-00C04F79EFBC}") = "Lesson_1", "Lesson_1.csproj", "{909D3A8E-251C-4542-BE29-25A31FCD95F4}"
EndProject
Global
	GlobalSection(SolutionConfigurationPlatforms) = preSolution
		Debug|Any CPU = Debug|Any CPU
		Release|Any CPU = Release|Any CPU
	EndGlobalSection
	GlobalSection(ProjectConfigurationPlatforms) = postSolution
		{909D3A8E-251C-4542-BE29-25A31FCD95F4}.Debug|Any CPU.ActiveCfg = Debug|Any CPU
		{909D3A8E-251C-4542-BE29-25A31FCD95F4}.Debug|Any CPU.Build.0 = Debug|Any CPU
		{909D3A8E-251C-4542-BE29-25A31FCD95F4}.Release|Any CPU.ActiveCfg = Release|Any CPU
		{909D3A8E-251C-4542-BE29-25A31FCD95F4}.Release|Any CPU.Build.0 = Release|Any CPU
	EndGlobalSection
	GlobalSection(SolutionProperties) = preSolution
		HideSolutionNode = FALSE
	EndGlobalSection
	GlobalSection(ExtensibilityGlobals) = postSolution
		SolutionGuid = {87DC63AD-9E62-419F-91EC-D0A719C2FDB9}
	EndGlobalSection
EndGlobal
