
Microsoft Visual Studio Solution File, Format Version 12.00
# Visual Studio Version 16
VisualStudioVersion = 16.0.32002.261
MinimumVisualStudioVersion = 10.0.40219.1
Project("{9A19103F-16F7-4668-BE54-9A1E7A4F7556}") = "MetricsManager", "MetricsManager.csproj", "{7665FDF2-869E-476F-8BF5-6020F75BCBBD}"
EndProject
Project("{9A19103F-16F7-4668-BE54-9A1E7A4F7556}") = "MetricsManagerTests", "..\MetricsManagerTests\MetricsManagerTests.csproj", "{29C19B34-6C6F-4F50-BDD8-FB2EA234DC70}"
EndProject
Project("{FAE04EC0-301F-11D3-BF4B-00C04F79EFBC}") = "MetricsAgent", "..\MetricsAgent\MetricsAgent.csproj", "{B06B6CC2-732A-4D05-A3DF-42D12FD65704}"
EndProject
Project("{FAE04EC0-301F-11D3-BF4B-00C04F79EFBC}") = "MetricsAgentTests", "..\MetricsAgentTests\MetricsAgentTests.csproj", "{AEE4BFED-853F-4E2A-96DE-BC0B96D37A90}"
EndProject
Global
	GlobalSection(SolutionConfigurationPlatforms) = preSolution
		Debug|Any CPU = Debug|Any CPU
		Release|Any CPU = Release|Any CPU
	EndGlobalSection
	GlobalSection(ProjectConfigurationPlatforms) = postSolution
		{7665FDF2-869E-476F-8BF5-6020F75BCBBD}.Debug|Any CPU.ActiveCfg = Debug|Any CPU
		{7665FDF2-869E-476F-8BF5-6020F75BCBBD}.Debug|Any CPU.Build.0 = Debug|Any CPU
		{7665FDF2-869E-476F-8BF5-6020F75BCBBD}.Release|Any CPU.ActiveCfg = Release|Any CPU
		{7665FDF2-869E-476F-8BF5-6020F75BCBBD}.Release|Any CPU.Build.0 = Release|Any CPU
		{29C19B34-6C6F-4F50-BDD8-FB2EA234DC70}.Debug|Any CPU.ActiveCfg = Debug|Any CPU
		{29C19B34-6C6F-4F50-BDD8-FB2EA234DC70}.Debug|Any CPU.Build.0 = Debug|Any CPU
		{29C19B34-6C6F-4F50-BDD8-FB2EA234DC70}.Release|Any CPU.ActiveCfg = Release|Any CPU
		{29C19B34-6C6F-4F50-BDD8-FB2EA234DC70}.Release|Any CPU.Build.0 = Release|Any CPU
		{B06B6CC2-732A-4D05-A3DF-42D12FD65704}.Debug|Any CPU.ActiveCfg = Debug|Any CPU
		{B06B6CC2-732A-4D05-A3DF-42D12FD65704}.Debug|Any CPU.Build.0 = Debug|Any CPU
		{B06B6CC2-732A-4D05-A3DF-42D12FD65704}.Release|Any CPU.ActiveCfg = Release|Any CPU
		{B06B6CC2-732A-4D05-A3DF-42D12FD65704}.Release|Any CPU.Build.0 = Release|Any CPU
		{AEE4BFED-853F-4E2A-96DE-BC0B96D37A90}.Debug|Any CPU.ActiveCfg = Debug|Any CPU
		{AEE4BFED-853F-4E2A-96DE-BC0B96D37A90}.Debug|Any CPU.Build.0 = Debug|Any CPU
		{AEE4BFED-853F-4E2A-96DE-BC0B96D37A90}.Release|Any CPU.ActiveCfg = Release|Any CPU
		{AEE4BFED-853F-4E2A-96DE-BC0B96D37A90}.Release|Any CPU.Build.0 = Release|Any CPU
	EndGlobalSection
	GlobalSection(SolutionProperties) = preSolution
		HideSolutionNode = FALSE
	EndGlobalSection
	GlobalSection(ExtensibilityGlobals) = postSolution
		SolutionGuid = {C6DF0746-CEF3-4709-868A-0599A2333BB4}
	EndGlobalSection
EndGlobal
